
Microsoft Visual Studio Solution File, Format Version 12.00
# Visual Studio Version 17
VisualStudioVersion = 17.2.32516.85
MinimumVisualStudioVersion = 10.0.40219.1
Project("{FAE04EC0-301F-11D3-BF4B-00C04F79EFBC}") = "app", "app\app.csproj", "{44D96E96-3AC0-4287-9728-4F08F82B5DA6}"
EndProject
Global
	GlobalSection(SolutionConfigurationPlatforms) = preSolution
		Debug|Any CPU = Debug|Any CPU
		Release|Any CPU = Release|Any CPU
	EndGlobalSection
	GlobalSection(ProjectConfigurationPlatforms) = postSolution
		{44D96E96-3AC0-4287-9728-4F08F82B5DA6}.Debug|Any CPU.ActiveCfg = Debug|Any CPU
		{44D96E96-3AC0-4287-9728-4F08F82B5DA6}.Debug|Any CPU.Build.0 = Debug|Any CPU
		{44D96E96-3AC0-4287-9728-4F08F82B5DA6}.Release|Any CPU.ActiveCfg = Release|Any CPU
		{44D96E96-3AC0-4287-9728-4F08F82B5DA6}.Release|Any CPU.Build.0 = Release|Any CPU
	EndGlobalSection
	GlobalSection(SolutionProperties) = preSolution
		HideSolutionNode = FALSE
	EndGlobalSection
	GlobalSection(ExtensibilityGlobals) = postSolution
		SolutionGuid = {BCAD2B6A-1B30-49C9-99D3-30D712FF7B05}
	EndGlobalSection
EndGlobal
